// !$*UTF8*$!
{
	archiveVersion = 1;
	classes = {
	};
	objectVersion = 50;
	objects = {

/* Begin PBXBuildFile section */
		CC0040BC239D6FAE003DA058 /* RecommendationsCollectionViewCell.swift in Sources */ = {isa = PBXBuildFile; fileRef = CC0040BA239D6FAE003DA058 /* RecommendationsCollectionViewCell.swift */; };
		CC0040BD239D6FAE003DA058 /* RecommendationsCollectionViewCell.xib in Resources */ = {isa = PBXBuildFile; fileRef = CC0040BB239D6FAE003DA058 /* RecommendationsCollectionViewCell.xib */; };
		CC02A11F239A94F100448C99 /* Favs.swift in Sources */ = {isa = PBXBuildFile; fileRef = CC02A11E239A94F100448C99 /* Favs.swift */; };
		CC38A7F02395526A0067C72D /* DetailsTableViewCell.swift in Sources */ = {isa = PBXBuildFile; fileRef = CC38A7EE2395526A0067C72D /* DetailsTableViewCell.swift */; };
		CC38A7F12395526A0067C72D /* DetailsTableViewCell.xib in Resources */ = {isa = PBXBuildFile; fileRef = CC38A7EF2395526A0067C72D /* DetailsTableViewCell.xib */; };
		CC38A7F323956CA50067C72D /* FavouriteViewController.swift in Sources */ = {isa = PBXBuildFile; fileRef = CC38A7F223956CA50067C72D /* FavouriteViewController.swift */; };
		CC38A7F623956D3C0067C72D /* FavouriteTableViewCell.swift in Sources */ = {isa = PBXBuildFile; fileRef = CC38A7F423956D3C0067C72D /* FavouriteTableViewCell.swift */; };
		CC38A7F723956D3C0067C72D /* FavouriteTableViewCell.xib in Resources */ = {isa = PBXBuildFile; fileRef = CC38A7F523956D3C0067C72D /* FavouriteTableViewCell.xib */; };
		CC3F255023A00ABA00A5AFFB /* readme.md in Resources */ = {isa = PBXBuildFile; fileRef = CC3F254F23A00ABA00A5AFFB /* readme.md */; };
		CC6B7D32236B2A2A0027EBF9 /* AlbumsCollectionViewCell.swift in Sources */ = {isa = PBXBuildFile; fileRef = CC6B7D30236B2A2A0027EBF9 /* AlbumsCollectionViewCell.swift */; };
		CC6B7D33236B2A2A0027EBF9 /* AlbumsCollectionViewCell.xib in Resources */ = {isa = PBXBuildFile; fileRef = CC6B7D31236B2A2A0027EBF9 /* AlbumsCollectionViewCell.xib */; };
		CC935EF2236C639C003F6D05 /* trackTableViewCell.swift in Sources */ = {isa = PBXBuildFile; fileRef = CC935EF0236C639C003F6D05 /* trackTableViewCell.swift */; };
		CC935EF3236C639C003F6D05 /* trackTableViewCell.xib in Resources */ = {isa = PBXBuildFile; fileRef = CC935EF1236C639C003F6D05 /* trackTableViewCell.xib */; };
		CCA6B9DE23630B500080F4F3 /* DetailViewController.swift in Sources */ = {isa = PBXBuildFile; fileRef = CCA6B9DD23630B500080F4F3 /* DetailViewController.swift */; };
		CCE6E0092359C36E000321E3 /* AppDelegate.swift in Sources */ = {isa = PBXBuildFile; fileRef = CCE6E0082359C36E000321E3 /* AppDelegate.swift */; };
		CCE6E00B2359C36E000321E3 /* ViewController.swift in Sources */ = {isa = PBXBuildFile; fileRef = CCE6E00A2359C36E000321E3 /* ViewController.swift */; };
		CCE6E00E2359C36E000321E3 /* Main.storyboard in Resources */ = {isa = PBXBuildFile; fileRef = CCE6E00C2359C36E000321E3 /* Main.storyboard */; };
		CCE6E0112359C36E000321E3 /* Eksamen_ordentlig.xcdatamodeld in Sources */ = {isa = PBXBuildFile; fileRef = CCE6E00F2359C36E000321E3 /* Eksamen_ordentlig.xcdatamodeld */; };
		CCE6E0132359C370000321E3 /* Assets.xcassets in Resources */ = {isa = PBXBuildFile; fileRef = CCE6E0122359C370000321E3 /* Assets.xcassets */; };
		CCE6E0162359C370000321E3 /* LaunchScreen.storyboard in Resources */ = {isa = PBXBuildFile; fileRef = CCE6E0142359C370000321E3 /* LaunchScreen.storyboard */; };
		CCE6E0202359DCAB000321E3 /* Albums.swift in Sources */ = {isa = PBXBuildFile; fileRef = CCE6E01F2359DCAB000321E3 /* Albums.swift */; };
		CCEFAC9E23915A9A008776E7 /* SearchViewController.swift in Sources */ = {isa = PBXBuildFile; fileRef = CCEFAC9D23915A9A008776E7 /* SearchViewController.swift */; };
		CCF3656B236722FC004C5B21 /* AlbumsTableViewCell.swift in Sources */ = {isa = PBXBuildFile; fileRef = CCF36569236722FC004C5B21 /* AlbumsTableViewCell.swift */; };
		CCF3656C236722FC004C5B21 /* AlbumsTableViewCell.xib in Resources */ = {isa = PBXBuildFile; fileRef = CCF3656A236722FC004C5B21 /* AlbumsTableViewCell.xib */; };
/* End PBXBuildFile section */

/* Begin PBXFileReference section */
		CC0040BA239D6FAE003DA058 /* RecommendationsCollectionViewCell.swift */ = {isa = PBXFileReference; lastKnownFileType = sourcecode.swift; path = RecommendationsCollectionViewCell.swift; sourceTree = "<group>"; };
		CC0040BB239D6FAE003DA058 /* RecommendationsCollectionViewCell.xib */ = {isa = PBXFileReference; lastKnownFileType = file.xib; path = RecommendationsCollectionViewCell.xib; sourceTree = "<group>"; };
		CC02A11E239A94F100448C99 /* Favs.swift */ = {isa = PBXFileReference; lastKnownFileType = sourcecode.swift; path = Favs.swift; sourceTree = "<group>"; };
		CC38A7EE2395526A0067C72D /* DetailsTableViewCell.swift */ = {isa = PBXFileReference; lastKnownFileType = sourcecode.swift; path = DetailsTableViewCell.swift; sourceTree = "<group>"; };
		CC38A7EF2395526A0067C72D /* DetailsTableViewCell.xib */ = {isa = PBXFileReference; lastKnownFileType = file.xib; path = DetailsTableViewCell.xib; sourceTree = "<group>"; };
		CC38A7F223956CA50067C72D /* FavouriteViewController.swift */ = {isa = PBXFileReference; lastKnownFileType = sourcecode.swift; path = FavouriteViewController.swift; sourceTree = "<group>"; };
		CC38A7F423956D3C0067C72D /* FavouriteTableViewCell.swift */ = {isa = PBXFileReference; lastKnownFileType = sourcecode.swift; path = FavouriteTableViewCell.swift; sourceTree = "<group>"; };
		CC38A7F523956D3C0067C72D /* FavouriteTableViewCell.xib */ = {isa = PBXFileReference; lastKnownFileType = file.xib; path = FavouriteTableViewCell.xib; sourceTree = "<group>"; };
		CC3F254F23A00ABA00A5AFFB /* readme.md */ = {isa = PBXFileReference; lastKnownFileType = net.daringfireball.markdown; path = readme.md; sourceTree = "<group>"; };
		CC6B7D30236B2A2A0027EBF9 /* AlbumsCollectionViewCell.swift */ = {isa = PBXFileReference; lastKnownFileType = sourcecode.swift; path = AlbumsCollectionViewCell.swift; sourceTree = "<group>"; };
		CC6B7D31236B2A2A0027EBF9 /* AlbumsCollectionViewCell.xib */ = {isa = PBXFileReference; lastKnownFileType = file.xib; path = AlbumsCollectionViewCell.xib; sourceTree = "<group>"; };
		CC935EF0236C639C003F6D05 /* trackTableViewCell.swift */ = {isa = PBXFileReference; lastKnownFileType = sourcecode.swift; path = trackTableViewCell.swift; sourceTree = "<group>"; };
		CC935EF1236C639C003F6D05 /* trackTableViewCell.xib */ = {isa = PBXFileReference; lastKnownFileType = file.xib; path = trackTableViewCell.xib; sourceTree = "<group>"; };
		CCA6B9DD23630B500080F4F3 /* DetailViewController.swift */ = {isa = PBXFileReference; lastKnownFileType = sourcecode.swift; path = DetailViewController.swift; sourceTree = "<group>"; };
		CCE6E0052359C36E000321E3 /* Eksamen ordentlig.app */ = {isa = PBXFileReference; explicitFileType = wrapper.application; includeInIndex = 0; path = "Eksamen ordentlig.app"; sourceTree = BUILT_PRODUCTS_DIR; };
		CCE6E0082359C36E000321E3 /* AppDelegate.swift */ = {isa = PBXFileReference; lastKnownFileType = sourcecode.swift; path = AppDelegate.swift; sourceTree = "<group>"; };
		CCE6E00A2359C36E000321E3 /* ViewController.swift */ = {isa = PBXFileReference; lastKnownFileType = sourcecode.swift; path = ViewController.swift; sourceTree = "<group>"; usesTabs = 0; };
		CCE6E00D2359C36E000321E3 /* Base */ = {isa = PBXFileReference; lastKnownFileType = file.storyboard; name = Base; path = Base.lproj/Main.storyboard; sourceTree = "<group>"; };
		CCE6E0102359C36E000321E3 /* Eksamen_ordentlig.xcdatamodel */ = {isa = PBXFileReference; lastKnownFileType = wrapper.xcdatamodel; path = Eksamen_ordentlig.xcdatamodel; sourceTree = "<group>"; };
		CCE6E0122359C370000321E3 /* Assets.xcassets */ = {isa = PBXFileReference; lastKnownFileType = folder.assetcatalog; path = Assets.xcassets; sourceTree = "<group>"; };
		CCE6E0152359C370000321E3 /* Base */ = {isa = PBXFileReference; lastKnownFileType = file.storyboard; name = Base; path = Base.lproj/LaunchScreen.storyboard; sourceTree = "<group>"; };
		CCE6E0172359C370000321E3 /* Info.plist */ = {isa = PBXFileReference; lastKnownFileType = text.plist.xml; path = Info.plist; sourceTree = "<group>"; };
		CCE6E01F2359DCAB000321E3 /* Albums.swift */ = {isa = PBXFileReference; lastKnownFileType = sourcecode.swift; path = Albums.swift; sourceTree = "<group>"; };
		CCEFAC9D23915A9A008776E7 /* SearchViewController.swift */ = {isa = PBXFileReference; lastKnownFileType = sourcecode.swift; name = SearchViewController.swift; path = ../SearchViewController.swift; sourceTree = "<group>"; };
		CCF36569236722FC004C5B21 /* AlbumsTableViewCell.swift */ = {isa = PBXFileReference; lastKnownFileType = sourcecode.swift; path = AlbumsTableViewCell.swift; sourceTree = "<group>"; };
		CCF3656A236722FC004C5B21 /* AlbumsTableViewCell.xib */ = {isa = PBXFileReference; lastKnownFileType = file.xib; path = AlbumsTableViewCell.xib; sourceTree = "<group>"; };
/* End PBXFileReference section */

/* Begin PBXFrameworksBuildPhase section */
		CCE6E0022359C36E000321E3 /* Frameworks */ = {
			isa = PBXFrameworksBuildPhase;
			buildActionMask = 2147483647;
			files = (
			);
			runOnlyForDeploymentPostprocessing = 0;
		};
/* End PBXFrameworksBuildPhase section */

/* Begin PBXGroup section */
		CC935EF4236C7F00003F6D05 /* Cells */ = {
			isa = PBXGroup;
			children = (
				CC0040BA239D6FAE003DA058 /* RecommendationsCollectionViewCell.swift */,
				CC0040BB239D6FAE003DA058 /* RecommendationsCollectionViewCell.xib */,
				CCF36569236722FC004C5B21 /* AlbumsTableViewCell.swift */,
				CCF3656A236722FC004C5B21 /* AlbumsTableViewCell.xib */,
				CC6B7D30236B2A2A0027EBF9 /* AlbumsCollectionViewCell.swift */,
				CC6B7D31236B2A2A0027EBF9 /* AlbumsCollectionViewCell.xib */,
				CC935EF0236C639C003F6D05 /* trackTableViewCell.swift */,
				CC935EF1236C639C003F6D05 /* trackTableViewCell.xib */,
				CC38A7EE2395526A0067C72D /* DetailsTableViewCell.swift */,
				CC38A7EF2395526A0067C72D /* DetailsTableViewCell.xib */,
				CC38A7F423956D3C0067C72D /* FavouriteTableViewCell.swift */,
				CC38A7F523956D3C0067C72D /* FavouriteTableViewCell.xib */,
			);
			path = Cells;
			sourceTree = "<group>";
		};
		CC935EF5236C7F3C003F6D05 /* ViewControllers */ = {
			isa = PBXGroup;
			children = (
				CCE6E00A2359C36E000321E3 /* ViewController.swift */,
				CCA6B9DD23630B500080F4F3 /* DetailViewController.swift */,
				CC38A7F223956CA50067C72D /* FavouriteViewController.swift */,
				CCEFAC9D23915A9A008776E7 /* SearchViewController.swift */,
			);
			path = ViewControllers;
			sourceTree = "<group>";
		};
		CCE6DFFC2359C36E000321E3 = {
			isa = PBXGroup;
			children = (
				CC3F254F23A00ABA00A5AFFB /* readme.md */,
				CCE6E0072359C36E000321E3 /* Eksamen ordentlig */,
				CCE6E0062359C36E000321E3 /* Products */,
			);
			sourceTree = "<group>";
		};
		CCE6E0062359C36E000321E3 /* Products */ = {
			isa = PBXGroup;
			children = (
				CCE6E0052359C36E000321E3 /* Eksamen ordentlig.app */,
			);
			name = Products;
			sourceTree = "<group>";
		};
		CCE6E0072359C36E000321E3 /* Eksamen ordentlig */ = {
			isa = PBXGroup;
			children = (
				CC935EF5236C7F3C003F6D05 /* ViewControllers */,
				CC935EF4236C7F00003F6D05 /* Cells */,
				CCF2306E236B242A00A59B4C /* structs */,
				CCE6E0082359C36E000321E3 /* AppDelegate.swift */,
				CCE6E00C2359C36E000321E3 /* Main.storyboard */,
				CCE6E0122359C370000321E3 /* Assets.xcassets */,
				CCE6E0142359C370000321E3 /* LaunchScreen.storyboard */,
				CCE6E0172359C370000321E3 /* Info.plist */,
				CCE6E00F2359C36E000321E3 /* Eksamen_ordentlig.xcdatamodeld */,
			);
			path = "Eksamen ordentlig";
			sourceTree = "<group>";
		};
		CCF2306E236B242A00A59B4C /* structs */ = {
			isa = PBXGroup;
			children = (
				CCE6E01F2359DCAB000321E3 /* Albums.swift */,
				CC02A11E239A94F100448C99 /* Favs.swift */,
			);
			path = structs;
			sourceTree = "<group>";
		};
/* End PBXGroup section */

/* Begin PBXNativeTarget section */
		CCE6E0042359C36E000321E3 /* Eksamen ordentlig */ = {
			isa = PBXNativeTarget;
			buildConfigurationList = CCE6E01A2359C370000321E3 /* Build configuration list for PBXNativeTarget "Eksamen ordentlig" */;
			buildPhases = (
				CCE6E0012359C36E000321E3 /* Sources */,
				CCE6E0022359C36E000321E3 /* Frameworks */,
				CCE6E0032359C36E000321E3 /* Resources */,
			);
			buildRules = (
			);
			dependencies = (
			);
			name = "Eksamen ordentlig";
			productName = "Eksamen ordentlig";
			productReference = CCE6E0052359C36E000321E3 /* Eksamen ordentlig.app */;
			productType = "com.apple.product-type.application";
		};
/* End PBXNativeTarget section */

/* Begin PBXProject section */
		CCE6DFFD2359C36E000321E3 /* Project object */ = {
			isa = PBXProject;
			attributes = {
				LastSwiftUpdateCheck = 1030;
				LastUpgradeCheck = 1030;
				ORGANIZATIONNAME = "Olav Backer-Grøndahl Bjørnli";
				TargetAttributes = {
					CCE6E0042359C36E000321E3 = {
						CreatedOnToolsVersion = 10.3;
					};
				};
			};
			buildConfigurationList = CCE6E0002359C36E000321E3 /* Build configuration list for PBXProject "Eksamen ordentlig" */;
			compatibilityVersion = "Xcode 9.3";
			developmentRegion = en;
			hasScannedForEncodings = 0;
			knownRegions = (
				en,
				Base,
			);
			mainGroup = CCE6DFFC2359C36E000321E3;
			productRefGroup = CCE6E0062359C36E000321E3 /* Products */;
			projectDirPath = "";
			projectRoot = "";
			targets = (
				CCE6E0042359C36E000321E3 /* Eksamen ordentlig */,
			);
		};
/* End PBXProject section */

/* Begin PBXResourcesBuildPhase section */
		CCE6E0032359C36E000321E3 /* Resources */ = {
			isa = PBXResourcesBuildPhase;
			buildActionMask = 2147483647;
			files = (
				CCE6E0162359C370000321E3 /* LaunchScreen.storyboard in Resources */,
				CCE6E0132359C370000321E3 /* Assets.xcassets in Resources */,
				CCE6E00E2359C36E000321E3 /* Main.storyboard in Resources */,
				CC38A7F723956D3C0067C72D /* FavouriteTableViewCell.xib in Resources */,
				CC0040BD239D6FAE003DA058 /* RecommendationsCollectionViewCell.xib in Resources */,
				CC935EF3236C639C003F6D05 /* trackTableViewCell.xib in Resources */,
				CC6B7D33236B2A2A0027EBF9 /* AlbumsCollectionViewCell.xib in Resources */,
				CCF3656C236722FC004C5B21 /* AlbumsTableViewCell.xib in Resources */,
				CC3F255023A00ABA00A5AFFB /* readme.md in Resources */,
				CC38A7F12395526A0067C72D /* DetailsTableViewCell.xib in Resources */,
			);
			runOnlyForDeploymentPostprocessing = 0;
		};
/* End PBXResourcesBuildPhase section */

/* Begin PBXSourcesBuildPhase section */
		CCE6E0012359C36E000321E3 /* Sources */ = {
			isa = PBXSourcesBuildPhase;
			buildActionMask = 2147483647;
			files = (
				CCE6E0202359DCAB000321E3 /* Albums.swift in Sources */,
				CCE6E00B2359C36E000321E3 /* ViewController.swift in Sources */,
				CC38A7F323956CA50067C72D /* FavouriteViewController.swift in Sources */,
				CCE6E0112359C36E000321E3 /* Eksamen_ordentlig.xcdatamodeld in Sources */,
				CCEFAC9E23915A9A008776E7 /* SearchViewController.swift in Sources */,
				CC935EF2236C639C003F6D05 /* trackTableViewCell.swift in Sources */,
				CCA6B9DE23630B500080F4F3 /* DetailViewController.swift in Sources */,
				CC0040BC239D6FAE003DA058 /* RecommendationsCollectionViewCell.swift in Sources */,
				CC38A7F623956D3C0067C72D /* FavouriteTableViewCell.swift in Sources */,
				CC38A7F02395526A0067C72D /* DetailsTableViewCell.swift in Sources */,
				CCE6E0092359C36E000321E3 /* AppDelegate.swift in Sources */,
				CCF3656B236722FC004C5B21 /* AlbumsTableViewCell.swift in Sources */,
				CC6B7D32236B2A2A0027EBF9 /* AlbumsCollectionViewCell.swift in Sources */,
				CC02A11F239A94F100448C99 /* Favs.swift in Sources */,
			);
			runOnlyForDeploymentPostprocessing = 0;
		};
/* End PBXSourcesBuildPhase section */

/* Begin PBXVariantGroup section */
		CCE6E00C2359C36E000321E3 /* Main.storyboard */ = {
			isa = PBXVariantGroup;
			children = (
				CCE6E00D2359C36E000321E3 /* Base */,
			);
			name = Main.storyboard;
			sourceTree = "<group>";
		};
		CCE6E0142359C370000321E3 /* LaunchScreen.storyboard */ = {
			isa = PBXVariantGroup;
			children = (
				CCE6E0152359C370000321E3 /* Base */,
			);
			name = LaunchScreen.storyboard;
			sourceTree = "<group>";
		};
/* End PBXVariantGroup section */

/* Begin XCBuildConfiguration section */
		CCE6E0182359C370000321E3 /* Debug */ = {
			isa = XCBuildConfiguration;
			buildSettings = {
				ALWAYS_SEARCH_USER_PATHS = NO;
				CLANG_ANALYZER_NONNULL = YES;
				CLANG_ANALYZER_NUMBER_OBJECT_CONVERSION = YES_AGGRESSIVE;
				CLANG_CXX_LANGUAGE_STANDARD = "gnu++14";
				CLANG_CXX_LIBRARY = "libc++";
				CLANG_ENABLE_MODULES = YES;
				CLANG_ENABLE_OBJC_ARC = YES;
				CLANG_ENABLE_OBJC_WEAK = YES;
				CLANG_WARN_BLOCK_CAPTURE_AUTORELEASING = YES;
				CLANG_WARN_BOOL_CONVERSION = YES;
				CLANG_WARN_COMMA = YES;
				CLANG_WARN_CONSTANT_CONVERSION = YES;
				CLANG_WARN_DEPRECATED_OBJC_IMPLEMENTATIONS = YES;
				CLANG_WARN_DIRECT_OBJC_ISA_USAGE = YES_ERROR;
				CLANG_WARN_DOCUMENTATION_COMMENTS = YES;
				CLANG_WARN_EMPTY_BODY = YES;
				CLANG_WARN_ENUM_CONVERSION = YES;
				CLANG_WARN_INFINITE_RECURSION = YES;
				CLANG_WARN_INT_CONVERSION = YES;
				CLANG_WARN_NON_LITERAL_NULL_CONVERSION = YES;
				CLANG_WARN_OBJC_IMPLICIT_RETAIN_SELF = YES;
				CLANG_WARN_OBJC_LITERAL_CONVERSION = YES;
				CLANG_WARN_OBJC_ROOT_CLASS = YES_ERROR;
				CLANG_WARN_RANGE_LOOP_ANALYSIS = YES;
				CLANG_WARN_STRICT_PROTOTYPES = YES;
				CLANG_WARN_SUSPICIOUS_MOVE = YES;
				CLANG_WARN_UNGUARDED_AVAILABILITY = YES_AGGRESSIVE;
				CLANG_WARN_UNREACHABLE_CODE = YES;
				CLANG_WARN__DUPLICATE_METHOD_MATCH = YES;
				CODE_SIGN_IDENTITY = "iPhone Developer";
				COPY_PHASE_STRIP = NO;
				DEBUG_INFORMATION_FORMAT = dwarf;
				ENABLE_STRICT_OBJC_MSGSEND = YES;
				ENABLE_TESTABILITY = YES;
				GCC_C_LANGUAGE_STANDARD = gnu11;
				GCC_DYNAMIC_NO_PIC = NO;
				GCC_NO_COMMON_BLOCKS = YES;
				GCC_OPTIMIZATION_LEVEL = 0;
				GCC_PREPROCESSOR_DEFINITIONS = (
					"DEBUG=1",
					"$(inherited)",
				);
				GCC_WARN_64_TO_32_BIT_CONVERSION = YES;
				GCC_WARN_ABOUT_RETURN_TYPE = YES_ERROR;
				GCC_WARN_UNDECLARED_SELECTOR = YES;
				GCC_WARN_UNINITIALIZED_AUTOS = YES_AGGRESSIVE;
				GCC_WARN_UNUSED_FUNCTION = YES;
				GCC_WARN_UNUSED_VARIABLE = YES;
				IPHONEOS_DEPLOYMENT_TARGET = 12.4;
				MTL_ENABLE_DEBUG_INFO = INCLUDE_SOURCE;
				MTL_FAST_MATH = YES;
				ONLY_ACTIVE_ARCH = YES;
				SDKROOT = iphoneos;
				SWIFT_ACTIVE_COMPILATION_CONDITIONS = DEBUG;
				SWIFT_OPTIMIZATION_LEVEL = "-Onone";
			};
			name = Debug;
		};
		CCE6E0192359C370000321E3 /* Release */ = {
			isa = XCBuildConfiguration;
			buildSettings = {
				ALWAYS_SEARCH_USER_PATHS = NO;
				CLANG_ANALYZER_NONNULL = YES;
				CLANG_ANALYZER_NUMBER_OBJECT_CONVERSION = YES_AGGRESSIVE;
				CLANG_CXX_LANGUAGE_STANDARD = "gnu++14";
				CLANG_CXX_LIBRARY = "libc++";
				CLANG_ENABLE_MODULES = YES;
				CLANG_ENABLE_OBJC_ARC = YES;
				CLANG_ENABLE_OBJC_WEAK = YES;
				CLANG_WARN_BLOCK_CAPTURE_AUTORELEASING = YES;
				CLANG_WARN_BOOL_CONVERSION = YES;
				CLANG_WARN_COMMA = YES;
				CLANG_WARN_CONSTANT_CONVERSION = YES;
				CLANG_WARN_DEPRECATED_OBJC_IMPLEMENTATIONS = YES;
				CLANG_WARN_DIRECT_OBJC_ISA_USAGE = YES_ERROR;
				CLANG_WARN_DOCUMENTATION_COMMENTS = YES;
				CLANG_WARN_EMPTY_BODY = YES;
				CLANG_WARN_ENUM_CONVERSION = YES;
				CLANG_WARN_INFINITE_RECURSION = YES;
				CLANG_WARN_INT_CONVERSION = YES;
				CLANG_WARN_NON_LITERAL_NULL_CONVERSION = YES;
				CLANG_WARN_OBJC_IMPLICIT_RETAIN_SELF = YES;
				CLANG_WARN_OBJC_LITERAL_CONVERSION = YES;
				CLANG_WARN_OBJC_ROOT_CLASS = YES_ERROR;
				CLANG_WARN_RANGE_LOOP_ANALYSIS = YES;
				CLANG_WARN_STRICT_PROTOTYPES = YES;
				CLANG_WARN_SUSPICIOUS_MOVE = YES;
				CLANG_WARN_UNGUARDED_AVAILABILITY = YES_AGGRESSIVE;
				CLANG_WARN_UNREACHABLE_CODE = YES;
				CLANG_WARN__DUPLICATE_METHOD_MATCH = YES;
				CODE_SIGN_IDENTITY = "iPhone Developer";
				COPY_PHASE_STRIP = NO;
				DEBUG_INFORMATION_FORMAT = "dwarf-with-dsym";
				ENABLE_NS_ASSERTIONS = NO;
				ENABLE_STRICT_OBJC_MSGSEND = YES;
				GCC_C_LANGUAGE_STANDARD = gnu11;
				GCC_NO_COMMON_BLOCKS = YES;
				GCC_WARN_64_TO_32_BIT_CONVERSION = YES;
				GCC_WARN_ABOUT_RETURN_TYPE = YES_ERROR;
				GCC_WARN_UNDECLARED_SELECTOR = YES;
				GCC_WARN_UNINITIALIZED_AUTOS = YES_AGGRESSIVE;
				GCC_WARN_UNUSED_FUNCTION = YES;
				GCC_WARN_UNUSED_VARIABLE = YES;
				IPHONEOS_DEPLOYMENT_TARGET = 12.4;
				MTL_ENABLE_DEBUG_INFO = NO;
				MTL_FAST_MATH = YES;
				SDKROOT = iphoneos;
				SWIFT_COMPILATION_MODE = wholemodule;
				SWIFT_OPTIMIZATION_LEVEL = "-O";
				VALIDATE_PRODUCT = YES;
			};
			name = Release;
		};
		CCE6E01B2359C370000321E3 /* Debug */ = {
			isa = XCBuildConfiguration;
			buildSettings = {
				ASSETCATALOG_COMPILER_APPICON_NAME = AppIcon;
				CODE_SIGN_STYLE = Automatic;
				DEVELOPMENT_TEAM = S55822B9A3;
				INFOPLIST_FILE = "Eksamen ordentlig/Info.plist";
				LD_RUNPATH_SEARCH_PATHS = (
					"$(inherited)",
					"@executable_path/Frameworks",
				);
				PRODUCT_BUNDLE_IDENTIFIER = "no.olavbjrnli.Eksamen-ordentlig";
				PRODUCT_NAME = "$(TARGET_NAME)";
				SWIFT_VERSION = 5.0;
				TARGETED_DEVICE_FAMILY = "1,2";
			};
			name = Debug;
		};
		CCE6E01C2359C370000321E3 /* Release */ = {
			isa = XCBuildConfiguration;
			buildSettings = {
				ASSETCATALOG_COMPILER_APPICON_NAME = AppIcon;
				CODE_SIGN_STYLE = Automatic;
				DEVELOPMENT_TEAM = S55822B9A3;
				INFOPLIST_FILE = "Eksamen ordentlig/Info.plist";
				LD_RUNPATH_SEARCH_PATHS = (
					"$(inherited)",
					"@executable_path/Frameworks",
				);
				PRODUCT_BUNDLE_IDENTIFIER = "no.olavbjrnli.Eksamen-ordentlig";
				PRODUCT_NAME = "$(TARGET_NAME)";
				SWIFT_VERSION = 5.0;
				TARGETED_DEVICE_FAMILY = "1,2";
			};
			name = Release;
		};
/* End XCBuildConfiguration section */

/* Begin XCConfigurationList section */
		CCE6E0002359C36E000321E3 /* Build configuration list for PBXProject "Eksamen ordentlig" */ = {
			isa = XCConfigurationList;
			buildConfigurations = (
				CCE6E0182359C370000321E3 /* Debug */,
				CCE6E0192359C370000321E3 /* Release */,
			);
			defaultConfigurationIsVisible = 0;
			defaultConfigurationName = Release;
		};
		CCE6E01A2359C370000321E3 /* Build configuration list for PBXNativeTarget "Eksamen ordentlig" */ = {
			isa = XCConfigurationList;
			buildConfigurations = (
				CCE6E01B2359C370000321E3 /* Debug */,
				CCE6E01C2359C370000321E3 /* Release */,
			);
			defaultConfigurationIsVisible = 0;
			defaultConfigurationName = Release;
		};
/* End XCConfigurationList section */

/* Begin XCVersionGroup section */
		CCE6E00F2359C36E000321E3 /* Eksamen_ordentlig.xcdatamodeld */ = {
			isa = XCVersionGroup;
			children = (
				CCE6E0102359C36E000321E3 /* Eksamen_ordentlig.xcdatamodel */,
			);
			currentVersion = CCE6E0102359C36E000321E3 /* Eksamen_ordentlig.xcdatamodel */;
			path = Eksamen_ordentlig.xcdatamodeld;
			sourceTree = "<group>";
			versionGroupType = wrapper.xcdatamodel;
		};
/* End XCVersionGroup section */
	};
	rootObject = CCE6DFFD2359C36E000321E3 /* Project object */;
}
